// !$*UTF8*$!
{
	archiveVersion = 1;
	classes = {
	};
	objectVersion = 50;
	objects = {

/* Begin PBXBuildFile section */
		182AA0322291346200A0AC08 /* AppDelegate.swift in Sources */ = {isa = PBXBuildFile; fileRef = 182AA0312291346200A0AC08 /* AppDelegate.swift */; };
		182AA0392291346400A0AC08 /* Assets.xcassets in Resources */ = {isa = PBXBuildFile; fileRef = 182AA0382291346400A0AC08 /* Assets.xcassets */; };
		182AA03C2291346400A0AC08 /* LaunchScreen.storyboard in Resources */ = {isa = PBXBuildFile; fileRef = 182AA03A2291346400A0AC08 /* LaunchScreen.storyboard */; };
		182AA0472291346500A0AC08 /* NYTimesTests.swift in Sources */ = {isa = PBXBuildFile; fileRef = 182AA0462291346500A0AC08 /* NYTimesTests.swift */; };
		182AA0522291346500A0AC08 /* NYTimesUITests.swift in Sources */ = {isa = PBXBuildFile; fileRef = 182AA0512291346500A0AC08 /* NYTimesUITests.swift */; };
		182AA063229136E400A0AC08 /* Webservice.swift in Sources */ = {isa = PBXBuildFile; fileRef = 182AA062229136E400A0AC08 /* Webservice.swift */; };
		182AA06822913BDB00A0AC08 /* NYTimesListingViewController.swift in Sources */ = {isa = PBXBuildFile; fileRef = 182AA06622913BDB00A0AC08 /* NYTimesListingViewController.swift */; };
		182AA06922913BDB00A0AC08 /* NYTimesListingViewController.xib in Resources */ = {isa = PBXBuildFile; fileRef = 182AA06722913BDB00A0AC08 /* NYTimesListingViewController.xib */; };
		182AA06D22913C8E00A0AC08 /* NYTimesProductTableViewCell.swift in Sources */ = {isa = PBXBuildFile; fileRef = 182AA06B22913C8D00A0AC08 /* NYTimesProductTableViewCell.swift */; };
		182AA06E22913C8E00A0AC08 /* NYTimesProductTableViewCell.xib in Resources */ = {isa = PBXBuildFile; fileRef = 182AA06C22913C8E00A0AC08 /* NYTimesProductTableViewCell.xib */; };
		18ADF0AF2291ACB8008A8CEA /* NYTimes.swift in Sources */ = {isa = PBXBuildFile; fileRef = 18ADF0AE2291ACB8008A8CEA /* NYTimes.swift */; };
		18ADF0B22291B2FF008A8CEA /* Constant.swift in Sources */ = {isa = PBXBuildFile; fileRef = 18ADF0B12291B2FF008A8CEA /* Constant.swift */; };
		18C2608422931A6900395D6F /* JsonCoder.swift in Sources */ = {isa = PBXBuildFile; fileRef = 18C2608322931A6900395D6F /* JsonCoder.swift */; };
		18C2608822931FCE00395D6F /* NYTimesViewModel.swift in Sources */ = {isa = PBXBuildFile; fileRef = 18C2608722931FCE00395D6F /* NYTimesViewModel.swift */; };
/* End PBXBuildFile section */

/* Begin PBXContainerItemProxy section */
		182AA0432291346500A0AC08 /* PBXContainerItemProxy */ = {
			isa = PBXContainerItemProxy;
			containerPortal = 182AA0262291346200A0AC08 /* Project object */;
			proxyType = 1;
			remoteGlobalIDString = 182AA02D2291346200A0AC08;
			remoteInfo = NYTimes;
		};
		182AA04E2291346500A0AC08 /* PBXContainerItemProxy */ = {
			isa = PBXContainerItemProxy;
			containerPortal = 182AA0262291346200A0AC08 /* Project object */;
			proxyType = 1;
			remoteGlobalIDString = 182AA02D2291346200A0AC08;
			remoteInfo = NYTimes;
		};
/* End PBXContainerItemProxy section */

/* Begin PBXFileReference section */
		182AA02E2291346200A0AC08 /* NYTimes.app */ = {isa = PBXFileReference; explicitFileType = wrapper.application; includeInIndex = 0; path = NYTimes.app; sourceTree = BUILT_PRODUCTS_DIR; };
		182AA0312291346200A0AC08 /* AppDelegate.swift */ = {isa = PBXFileReference; lastKnownFileType = sourcecode.swift; path = AppDelegate.swift; sourceTree = "<group>"; };
		182AA0382291346400A0AC08 /* Assets.xcassets */ = {isa = PBXFileReference; lastKnownFileType = folder.assetcatalog; path = Assets.xcassets; sourceTree = "<group>"; };
		182AA03B2291346400A0AC08 /* Base */ = {isa = PBXFileReference; lastKnownFileType = file.storyboard; name = Base; path = Base.lproj/LaunchScreen.storyboard; sourceTree = "<group>"; };
		182AA03D2291346400A0AC08 /* Info.plist */ = {isa = PBXFileReference; lastKnownFileType = text.plist.xml; path = Info.plist; sourceTree = "<group>"; };
		182AA0422291346500A0AC08 /* NYTimesTests.xctest */ = {isa = PBXFileReference; explicitFileType = wrapper.cfbundle; includeInIndex = 0; path = NYTimesTests.xctest; sourceTree = BUILT_PRODUCTS_DIR; };
		182AA0462291346500A0AC08 /* NYTimesTests.swift */ = {isa = PBXFileReference; lastKnownFileType = sourcecode.swift; path = NYTimesTests.swift; sourceTree = "<group>"; };
		182AA0482291346500A0AC08 /* Info.plist */ = {isa = PBXFileReference; lastKnownFileType = text.plist.xml; path = Info.plist; sourceTree = "<group>"; };
		182AA04D2291346500A0AC08 /* NYTimesUITests.xctest */ = {isa = PBXFileReference; explicitFileType = wrapper.cfbundle; includeInIndex = 0; path = NYTimesUITests.xctest; sourceTree = BUILT_PRODUCTS_DIR; };
		182AA0512291346500A0AC08 /* NYTimesUITests.swift */ = {isa = PBXFileReference; lastKnownFileType = sourcecode.swift; path = NYTimesUITests.swift; sourceTree = "<group>"; };
		182AA0532291346500A0AC08 /* Info.plist */ = {isa = PBXFileReference; lastKnownFileType = text.plist.xml; path = Info.plist; sourceTree = "<group>"; };
		182AA062229136E400A0AC08 /* Webservice.swift */ = {isa = PBXFileReference; lastKnownFileType = sourcecode.swift; path = Webservice.swift; sourceTree = "<group>"; };
		182AA06622913BDB00A0AC08 /* NYTimesListingViewController.swift */ = {isa = PBXFileReference; lastKnownFileType = sourcecode.swift; path = NYTimesListingViewController.swift; sourceTree = "<group>"; };
		182AA06722913BDB00A0AC08 /* NYTimesListingViewController.xib */ = {isa = PBXFileReference; lastKnownFileType = file.xib; path = NYTimesListingViewController.xib; sourceTree = "<group>"; };
		182AA06B22913C8D00A0AC08 /* NYTimesProductTableViewCell.swift */ = {isa = PBXFileReference; lastKnownFileType = sourcecode.swift; path = NYTimesProductTableViewCell.swift; sourceTree = "<group>"; };
		182AA06C22913C8E00A0AC08 /* NYTimesProductTableViewCell.xib */ = {isa = PBXFileReference; lastKnownFileType = file.xib; path = NYTimesProductTableViewCell.xib; sourceTree = "<group>"; };
		18ADF0AE2291ACB8008A8CEA /* NYTimes.swift */ = {isa = PBXFileReference; lastKnownFileType = sourcecode.swift; path = NYTimes.swift; sourceTree = "<group>"; };
		18ADF0B12291B2FF008A8CEA /* Constant.swift */ = {isa = PBXFileReference; lastKnownFileType = sourcecode.swift; path = Constant.swift; sourceTree = "<group>"; };
		18C2608322931A6900395D6F /* JsonCoder.swift */ = {isa = PBXFileReference; lastKnownFileType = sourcecode.swift; path = JsonCoder.swift; sourceTree = "<group>"; };
		18C2608722931FCE00395D6F /* NYTimesViewModel.swift */ = {isa = PBXFileReference; lastKnownFileType = sourcecode.swift; path = NYTimesViewModel.swift; sourceTree = "<group>"; };
/* End PBXFileReference section */

/* Begin PBXFrameworksBuildPhase section */
		182AA02B2291346200A0AC08 /* Frameworks */ = {
			isa = PBXFrameworksBuildPhase;
			buildActionMask = 2147483647;
			files = (
			);
			runOnlyForDeploymentPostprocessing = 0;
		};
		182AA03F2291346500A0AC08 /* Frameworks */ = {
			isa = PBXFrameworksBuildPhase;
			buildActionMask = 2147483647;
			files = (
			);
			runOnlyForDeploymentPostprocessing = 0;
		};
		182AA04A2291346500A0AC08 /* Frameworks */ = {
			isa = PBXFrameworksBuildPhase;
			buildActionMask = 2147483647;
			files = (
			);
			runOnlyForDeploymentPostprocessing = 0;
		};
/* End PBXFrameworksBuildPhase section */

/* Begin PBXGroup section */
		182AA0252291346200A0AC08 = {
			isa = PBXGroup;
			children = (
				182AA0302291346200A0AC08 /* NYTimes */,
				182AA0452291346500A0AC08 /* NYTimesTests */,
				182AA0502291346500A0AC08 /* NYTimesUITests */,
				182AA02F2291346200A0AC08 /* Products */,
			);
			sourceTree = "<group>";
		};
		182AA02F2291346200A0AC08 /* Products */ = {
			isa = PBXGroup;
			children = (
				182AA02E2291346200A0AC08 /* NYTimes.app */,
				182AA0422291346500A0AC08 /* NYTimesTests.xctest */,
				182AA04D2291346500A0AC08 /* NYTimesUITests.xctest */,
			);
			name = Products;
			sourceTree = "<group>";
		};
		182AA0302291346200A0AC08 /* NYTimes */ = {
			isa = PBXGroup;
			children = (
				182AA0312291346200A0AC08 /* AppDelegate.swift */,
				182AA0382291346400A0AC08 /* Assets.xcassets */,
				182AA03A2291346400A0AC08 /* LaunchScreen.storyboard */,
				182AA03D2291346400A0AC08 /* Info.plist */,
				18C2608122931A3100395D6F /* Utilities */,
				18C2608022931A2500395D6F /* ViewModel */,
				18C2607D2293193A00395D6F /* Services */,
				18ADF0B02291B2DB008A8CEA /* Constant */,
				182AA061229135EC00A0AC08 /* Controller */,
				182AA060229135E000A0AC08 /* Views */,
				182AA05F229135CD00A0AC08 /* Model */,
			);
			path = NYTimes;
			sourceTree = "<group>";
		};
		182AA0452291346500A0AC08 /* NYTimesTests */ = {
			isa = PBXGroup;
			children = (
				182AA0462291346500A0AC08 /* NYTimesTests.swift */,
				182AA0482291346500A0AC08 /* Info.plist */,
			);
			path = NYTimesTests;
			sourceTree = "<group>";
		};
		182AA0502291346500A0AC08 /* NYTimesUITests */ = {
			isa = PBXGroup;
			children = (
				182AA0512291346500A0AC08 /* NYTimesUITests.swift */,
				182AA0532291346500A0AC08 /* Info.plist */,
			);
			path = NYTimesUITests;
			sourceTree = "<group>";
		};
		182AA05F229135CD00A0AC08 /* Model */ = {
			isa = PBXGroup;
			children = (
				18ADF0AE2291ACB8008A8CEA /* NYTimes.swift */,
			);
			path = Model;
			sourceTree = "<group>";
		};
		182AA060229135E000A0AC08 /* Views */ = {
			isa = PBXGroup;
			children = (
				182AA06A22913C6E00A0AC08 /* Cell */,
			);
			path = Views;
			sourceTree = "<group>";
		};
		182AA061229135EC00A0AC08 /* Controller */ = {
			isa = PBXGroup;
			children = (
				182AA06622913BDB00A0AC08 /* NYTimesListingViewController.swift */,
				182AA06722913BDB00A0AC08 /* NYTimesListingViewController.xib */,
			);
			path = Controller;
			sourceTree = "<group>";
		};
		182AA06A22913C6E00A0AC08 /* Cell */ = {
			isa = PBXGroup;
			children = (
				182AA06B22913C8D00A0AC08 /* NYTimesProductTableViewCell.swift */,
				182AA06C22913C8E00A0AC08 /* NYTimesProductTableViewCell.xib */,
			);
			path = Cell;
			sourceTree = "<group>";
		};
		18ADF0B02291B2DB008A8CEA /* Constant */ = {
			isa = PBXGroup;
			children = (
				18ADF0B12291B2FF008A8CEA /* Constant.swift */,
			);
			path = Constant;
			sourceTree = "<group>";
		};
		18C2607D2293193A00395D6F /* Services */ = {
			isa = PBXGroup;
			children = (
				182AA062229136E400A0AC08 /* Webservice.swift */,
			);
			path = Services;
			sourceTree = "<group>";
		};
		18C2608022931A2500395D6F /* ViewModel */ = {
			isa = PBXGroup;
			children = (
				18C2608722931FCE00395D6F /* NYTimesViewModel.swift */,
			);
			path = ViewModel;
			sourceTree = "<group>";
		};
		18C2608122931A3100395D6F /* Utilities */ = {
			isa = PBXGroup;
			children = (
				18C2608222931A5800395D6F /* Extension */,
			);
			path = Utilities;
			sourceTree = "<group>";
		};
		18C2608222931A5800395D6F /* Extension */ = {
			isa = PBXGroup;
			children = (
				18C2608322931A6900395D6F /* JsonCoder.swift */,
			);
			path = Extension;
			sourceTree = "<group>";
		};
/* End PBXGroup section */

/* Begin PBXNativeTarget section */
		182AA02D2291346200A0AC08 /* NYTimes */ = {
			isa = PBXNativeTarget;
			buildConfigurationList = 182AA0562291346500A0AC08 /* Build configuration list for PBXNativeTarget "NYTimes" */;
			buildPhases = (
				182AA02A2291346200A0AC08 /* Sources */,
				182AA02B2291346200A0AC08 /* Frameworks */,
				182AA02C2291346200A0AC08 /* Resources */,
			);
			buildRules = (
			);
			dependencies = (
			);
			name = NYTimes;
			productName = NYTimes;
			productReference = 182AA02E2291346200A0AC08 /* NYTimes.app */;
			productType = "com.apple.product-type.application";
		};
		182AA0412291346500A0AC08 /* NYTimesTests */ = {
			isa = PBXNativeTarget;
			buildConfigurationList = 182AA0592291346500A0AC08 /* Build configuration list for PBXNativeTarget "NYTimesTests" */;
			buildPhases = (
				182AA03E2291346500A0AC08 /* Sources */,
				182AA03F2291346500A0AC08 /* Frameworks */,
				182AA0402291346500A0AC08 /* Resources */,
			);
			buildRules = (
			);
			dependencies = (
				182AA0442291346500A0AC08 /* PBXTargetDependency */,
			);
			name = NYTimesTests;
			productName = NYTimesTests;
			productReference = 182AA0422291346500A0AC08 /* NYTimesTests.xctest */;
			productType = "com.apple.product-type.bundle.unit-test";
		};
		182AA04C2291346500A0AC08 /* NYTimesUITests */ = {
			isa = PBXNativeTarget;
			buildConfigurationList = 182AA05C2291346500A0AC08 /* Build configuration list for PBXNativeTarget "NYTimesUITests" */;
			buildPhases = (
				182AA0492291346500A0AC08 /* Sources */,
				182AA04A2291346500A0AC08 /* Frameworks */,
				182AA04B2291346500A0AC08 /* Resources */,
			);
			buildRules = (
			);
			dependencies = (
				182AA04F2291346500A0AC08 /* PBXTargetDependency */,
			);
			name = NYTimesUITests;
			productName = NYTimesUITests;
			productReference = 182AA04D2291346500A0AC08 /* NYTimesUITests.xctest */;
			productType = "com.apple.product-type.bundle.ui-testing";
		};
/* End PBXNativeTarget section */

/* Begin PBXProject section */
		182AA0262291346200A0AC08 /* Project object */ = {
			isa = PBXProject;
			attributes = {
				LastSwiftUpdateCheck = 1020;
				LastUpgradeCheck = 1020;
				ORGANIZATIONNAME = APPLE;
				TargetAttributes = {
					182AA02D2291346200A0AC08 = {
						CreatedOnToolsVersion = 10.2.1;
					};
					182AA0412291346500A0AC08 = {
						CreatedOnToolsVersion = 10.2.1;
						TestTargetID = 182AA02D2291346200A0AC08;
					};
					182AA04C2291346500A0AC08 = {
						CreatedOnToolsVersion = 10.2.1;
						TestTargetID = 182AA02D2291346200A0AC08;
					};
				};
			};
			buildConfigurationList = 182AA0292291346200A0AC08 /* Build configuration list for PBXProject "NYTimes" */;
			compatibilityVersion = "Xcode 9.3";
			developmentRegion = en;
			hasScannedForEncodings = 0;
			knownRegions = (
				en,
				Base,
			);
			mainGroup = 182AA0252291346200A0AC08;
			productRefGroup = 182AA02F2291346200A0AC08 /* Products */;
			projectDirPath = "";
			projectRoot = "";
			targets = (
				182AA02D2291346200A0AC08 /* NYTimes */,
				182AA0412291346500A0AC08 /* NYTimesTests */,
				182AA04C2291346500A0AC08 /* NYTimesUITests */,
			);
		};
/* End PBXProject section */

/* Begin PBXResourcesBuildPhase section */
		182AA02C2291346200A0AC08 /* Resources */ = {
			isa = PBXResourcesBuildPhase;
			buildActionMask = 2147483647;
			files = (
				182AA03C2291346400A0AC08 /* LaunchScreen.storyboard in Resources */,
				182AA06E22913C8E00A0AC08 /* NYTimesProductTableViewCell.xib in Resources */,
				182AA0392291346400A0AC08 /* Assets.xcassets in Resources */,
				182AA06922913BDB00A0AC08 /* NYTimesListingViewController.xib in Resources */,
			);
			runOnlyForDeploymentPostprocessing = 0;
		};
		182AA0402291346500A0AC08 /* Resources */ = {
			isa = PBXResourcesBuildPhase;
			buildActionMask = 2147483647;
			files = (
			);
			runOnlyForDeploymentPostprocessing = 0;
		};
		182AA04B2291346500A0AC08 /* Resources */ = {
			isa = PBXResourcesBuildPhase;
			buildActionMask = 2147483647;
			files = (
			);
			runOnlyForDeploymentPostprocessing = 0;
		};
/* End PBXResourcesBuildPhase section */

/* Begin PBXSourcesBuildPhase section */
		182AA02A2291346200A0AC08 /* Sources */ = {
			isa = PBXSourcesBuildPhase;
			buildActionMask = 2147483647;
			files = (
				182AA06822913BDB00A0AC08 /* NYTimesListingViewController.swift in Sources */,
				182AA063229136E400A0AC08 /* Webservice.swift in Sources */,
				18ADF0AF2291ACB8008A8CEA /* NYTimes.swift in Sources */,
				182AA0322291346200A0AC08 /* AppDelegate.swift in Sources */,
				182AA06D22913C8E00A0AC08 /* NYTimesProductTableViewCell.swift in Sources */,
				18C2608422931A6900395D6F /* JsonCoder.swift in Sources */,
				18C2608822931FCE00395D6F /* NYTimesViewModel.swift in Sources */,
				18ADF0B22291B2FF008A8CEA /* Constant.swift in Sources */,
			);
			runOnlyForDeploymentPostprocessing = 0;
		};
		182AA03E2291346500A0AC08 /* Sources */ = {
			isa = PBXSourcesBuildPhase;
			buildActionMask = 2147483647;
			files = (
				182AA0472291346500A0AC08 /* NYTimesTests.swift in Sources */,
			);
			runOnlyForDeploymentPostprocessing = 0;
		};
		182AA0492291346500A0AC08 /* Sources */ = {
			isa = PBXSourcesBuildPhase;
			buildActionMask = 2147483647;
			files = (
				182AA0522291346500A0AC08 /* NYTimesUITests.swift in Sources */,
			);
			runOnlyForDeploymentPostprocessing = 0;
		};
/* End PBXSourcesBuildPhase section */

/* Begin PBXTargetDependency section */
		182AA0442291346500A0AC08 /* PBXTargetDependency */ = {
			isa = PBXTargetDependency;
			target = 182AA02D2291346200A0AC08 /* NYTimes */;
			targetProxy = 182AA0432291346500A0AC08 /* PBXContainerItemProxy */;
		};
		182AA04F2291346500A0AC08 /* PBXTargetDependency */ = {
			isa = PBXTargetDependency;
			target = 182AA02D2291346200A0AC08 /* NYTimes */;
			targetProxy = 182AA04E2291346500A0AC08 /* PBXContainerItemProxy */;
		};
/* End PBXTargetDependency section */

/* Begin PBXVariantGroup section */
		182AA03A2291346400A0AC08 /* LaunchScreen.storyboard */ = {
			isa = PBXVariantGroup;
			children = (
				182AA03B2291346400A0AC08 /* Base */,
			);
			name = LaunchScreen.storyboard;
			sourceTree = "<group>";
		};
/* End PBXVariantGroup section */

/* Begin XCBuildConfiguration section */
		182AA0542291346500A0AC08 /* Debug */ = {
			isa = XCBuildConfiguration;
			buildSettings = {
				ALWAYS_SEARCH_USER_PATHS = NO;
				CLANG_ANALYZER_NONNULL = YES;
				CLANG_ANALYZER_NUMBER_OBJECT_CONVERSION = YES_AGGRESSIVE;
				CLANG_CXX_LANGUAGE_STANDARD = "gnu++14";
				CLANG_CXX_LIBRARY = "libc++";
				CLANG_ENABLE_MODULES = YES;
				CLANG_ENABLE_OBJC_ARC = YES;
				CLANG_ENABLE_OBJC_WEAK = YES;
				CLANG_WARN_BLOCK_CAPTURE_AUTORELEASING = YES;
				CLANG_WARN_BOOL_CONVERSION = YES;
				CLANG_WARN_COMMA = YES;
				CLANG_WARN_CONSTANT_CONVERSION = YES;
				CLANG_WARN_DEPRECATED_OBJC_IMPLEMENTATIONS = YES;
				CLANG_WARN_DIRECT_OBJC_ISA_USAGE = YES_ERROR;
				CLANG_WARN_DOCUMENTATION_COMMENTS = YES;
				CLANG_WARN_EMPTY_BODY = YES;
				CLANG_WARN_ENUM_CONVERSION = YES;
				CLANG_WARN_INFINITE_RECURSION = YES;
				CLANG_WARN_INT_CONVERSION = YES;
				CLANG_WARN_NON_LITERAL_NULL_CONVERSION = YES;
				CLANG_WARN_OBJC_IMPLICIT_RETAIN_SELF = YES;
				CLANG_WARN_OBJC_LITERAL_CONVERSION = YES;
				CLANG_WARN_OBJC_ROOT_CLASS = YES_ERROR;
				CLANG_WARN_RANGE_LOOP_ANALYSIS = YES;
				CLANG_WARN_STRICT_PROTOTYPES = YES;
				CLANG_WARN_SUSPICIOUS_MOVE = YES;
				CLANG_WARN_UNGUARDED_AVAILABILITY = YES_AGGRESSIVE;
				CLANG_WARN_UNREACHABLE_CODE = YES;
				CLANG_WARN__DUPLICATE_METHOD_MATCH = YES;
				CODE_SIGN_IDENTITY = "iPhone Developer";
				COPY_PHASE_STRIP = NO;
				DEBUG_INFORMATION_FORMAT = dwarf;
				ENABLE_STRICT_OBJC_MSGSEND = YES;
				ENABLE_TESTABILITY = YES;
				GCC_C_LANGUAGE_STANDARD = gnu11;
				GCC_DYNAMIC_NO_PIC = NO;
				GCC_NO_COMMON_BLOCKS = YES;
				GCC_OPTIMIZATION_LEVEL = 0;
				GCC_PREPROCESSOR_DEFINITIONS = (
					"DEBUG=1",
					"$(inherited)",
				);
				GCC_WARN_64_TO_32_BIT_CONVERSION = YES;
				GCC_WARN_ABOUT_RETURN_TYPE = YES_ERROR;
				GCC_WARN_UNDECLARED_SELECTOR = YES;
				GCC_WARN_UNINITIALIZED_AUTOS = YES_AGGRESSIVE;
				GCC_WARN_UNUSED_FUNCTION = YES;
				GCC_WARN_UNUSED_VARIABLE = YES;
				IPHONEOS_DEPLOYMENT_TARGET = 10.3;
				MTL_ENABLE_DEBUG_INFO = INCLUDE_SOURCE;
				MTL_FAST_MATH = YES;
				ONLY_ACTIVE_ARCH = YES;
				SDKROOT = iphoneos;
				SWIFT_ACTIVE_COMPILATION_CONDITIONS = DEBUG;
				SWIFT_OPTIMIZATION_LEVEL = "-Onone";
			};
			name = Debug;
		};
		182AA0552291346500A0AC08 /* Release */ = {
			isa = XCBuildConfiguration;
			buildSettings = {
				ALWAYS_SEARCH_USER_PATHS = NO;
				CLANG_ANALYZER_NONNULL = YES;
				CLANG_ANALYZER_NUMBER_OBJECT_CONVERSION = YES_AGGRESSIVE;
				CLANG_CXX_LANGUAGE_STANDARD = "gnu++14";
				CLANG_CXX_LIBRARY = "libc++";
				CLANG_ENABLE_MODULES = YES;
				CLANG_ENABLE_OBJC_ARC = YES;
				CLANG_ENABLE_OBJC_WEAK = YES;
				CLANG_WARN_BLOCK_CAPTURE_AUTORELEASING = YES;
				CLANG_WARN_BOOL_CONVERSION = YES;
				CLANG_WARN_COMMA = YES;
				CLANG_WARN_CONSTANT_CONVERSION = YES;
				CLANG_WARN_DEPRECATED_OBJC_IMPLEMENTATIONS = YES;
				CLANG_WARN_DIRECT_OBJC_ISA_USAGE = YES_ERROR;
				CLANG_WARN_DOCUMENTATION_COMMENTS = YES;
				CLANG_WARN_EMPTY_BODY = YES;
				CLANG_WARN_ENUM_CONVERSION = YES;
				CLANG_WARN_INFINITE_RECURSION = YES;
				CLANG_WARN_INT_CONVERSION = YES;
				CLANG_WARN_NON_LITERAL_NULL_CONVERSION = YES;
				CLANG_WARN_OBJC_IMPLICIT_RETAIN_SELF = YES;
				CLANG_WARN_OBJC_LITERAL_CONVERSION = YES;
				CLANG_WARN_OBJC_ROOT_CLASS = YES_ERROR;
				CLANG_WARN_RANGE_LOOP_ANALYSIS = YES;
				CLANG_WARN_STRICT_PROTOTYPES = YES;
				CLANG_WARN_SUSPICIOUS_MOVE = YES;
				CLANG_WARN_UNGUARDED_AVAILABILITY = YES_AGGRESSIVE;
				CLANG_WARN_UNREACHABLE_CODE = YES;
				CLANG_WARN__DUPLICATE_METHOD_MATCH = YES;
				CODE_SIGN_IDENTITY = "iPhone Developer";
				COPY_PHASE_STRIP = NO;
				DEBUG_INFORMATION_FORMAT = "dwarf-with-dsym";
				ENABLE_NS_ASSERTIONS = NO;
				ENABLE_STRICT_OBJC_MSGSEND = YES;
				GCC_C_LANGUAGE_STANDARD = gnu11;
				GCC_NO_COMMON_BLOCKS = YES;
				GCC_WARN_64_TO_32_BIT_CONVERSION = YES;
				GCC_WARN_ABOUT_RETURN_TYPE = YES_ERROR;
				GCC_WARN_UNDECLARED_SELECTOR = YES;
				GCC_WARN_UNINITIALIZED_AUTOS = YES_AGGRESSIVE;
				GCC_WARN_UNUSED_FUNCTION = YES;
				GCC_WARN_UNUSED_VARIABLE = YES;
				IPHONEOS_DEPLOYMENT_TARGET = 10.3;
				MTL_ENABLE_DEBUG_INFO = NO;
				MTL_FAST_MATH = YES;
				SDKROOT = iphoneos;
				SWIFT_COMPILATION_MODE = wholemodule;
				SWIFT_OPTIMIZATION_LEVEL = "-O";
				VALIDATE_PRODUCT = YES;
			};
			name = Release;
		};
		182AA0572291346500A0AC08 /* Debug */ = {
			isa = XCBuildConfiguration;
			buildSettings = {
				ASSETCATALOG_COMPILER_APPICON_NAME = AppIcon;
				CODE_SIGN_STYLE = Automatic;
				INFOPLIST_FILE = NYTimes/Info.plist;
				LD_RUNPATH_SEARCH_PATHS = (
					"$(inherited)",
					"@executable_path/Frameworks",
				);
				PRODUCT_BUNDLE_IDENTIFIER = com.NYTimes.NYTimes.NYTimes;
				PRODUCT_NAME = "$(TARGET_NAME)";
				SWIFT_VERSION = 5.0;
				TARGETED_DEVICE_FAMILY = "1,2";
			};
			name = Debug;
		};
		182AA0582291346500A0AC08 /* Release */ = {
			isa = XCBuildConfiguration;
			buildSettings = {
				ASSETCATALOG_COMPILER_APPICON_NAME = AppIcon;
				CODE_SIGN_STYLE = Automatic;
				INFOPLIST_FILE = NYTimes/Info.plist;
				LD_RUNPATH_SEARCH_PATHS = (
					"$(inherited)",
					"@executable_path/Frameworks",
				);
				PRODUCT_BUNDLE_IDENTIFIER = com.NYTimes.NYTimes.NYTimes;
				PRODUCT_NAME = "$(TARGET_NAME)";
				SWIFT_VERSION = 5.0;
				TARGETED_DEVICE_FAMILY = "1,2";
			};
			name = Release;
		};
		182AA05A2291346500A0AC08 /* Debug */ = {
			isa = XCBuildConfiguration;
			buildSettings = {
				ALWAYS_EMBED_SWIFT_STANDARD_LIBRARIES = YES;
				BUNDLE_LOADER = "$(TEST_HOST)";
				CODE_SIGN_STYLE = Automatic;
				INFOPLIST_FILE = NYTimesTests/Info.plist;
				LD_RUNPATH_SEARCH_PATHS = (
					"$(inherited)",
					"@executable_path/Frameworks",
					"@loader_path/Frameworks",
				);
				PRODUCT_BUNDLE_IDENTIFIER = com.NYTimes.NYTimes.NYTimesTests;
				PRODUCT_NAME = "$(TARGET_NAME)";
				SWIFT_VERSION = 5.0;
				TARGETED_DEVICE_FAMILY = "1,2";
				TEST_HOST = "$(BUILT_PRODUCTS_DIR)/NYTimes.app/NYTimes";
			};
			name = Debug;
		};
		182AA05B2291346500A0AC08 /* Release */ = {
			isa = XCBuildConfiguration;
			buildSettings = {
				ALWAYS_EMBED_SWIFT_STANDARD_LIBRARIES = YES;
				BUNDLE_LOADER = "$(TEST_HOST)";
				CODE_SIGN_STYLE = Automatic;
				INFOPLIST_FILE = NYTimesTests/Info.plist;
				LD_RUNPATH_SEARCH_PATHS = (
					"$(inherited)",
					"@executable_path/Frameworks",
					"@loader_path/Frameworks",
				);
				PRODUCT_BUNDLE_IDENTIFIER = com.NYTimes.NYTimes.NYTimesTests;
				PRODUCT_NAME = "$(TARGET_NAME)";
				SWIFT_VERSION = 5.0;
				TARGETED_DEVICE_FAMILY = "1,2";
				TEST_HOST = "$(BUILT_PRODUCTS_DIR)/NYTimes.app/NYTimes";
			};
			name = Release;
		};
		182AA05D2291346500A0AC08 /* Debug */ = {
			isa = XCBuildConfiguration;
			buildSettings = {
				ALWAYS_EMBED_SWIFT_STANDARD_LIBRARIES = YES;
				CODE_SIGN_STYLE = Automatic;
				INFOPLIST_FILE = NYTimesUITests/Info.plist;
				LD_RUNPATH_SEARCH_PATHS = (
					"$(inherited)",
					"@executable_path/Frameworks",
					"@loader_path/Frameworks",
				);
				PRODUCT_BUNDLE_IDENTIFIER = com.NYTimes.NYTimes.NYTimesUITests;
				PRODUCT_NAME = "$(TARGET_NAME)";
				SWIFT_VERSION = 5.0;
				TARGETED_DEVICE_FAMILY = "1,2";
				TEST_TARGET_NAME = NYTimes;
			};
			name = Debug;
		};
		182AA05E2291346500A0AC08 /* Release */ = {
			isa = XCBuildConfiguration;
			buildSettings = {
				ALWAYS_EMBED_SWIFT_STANDARD_LIBRARIES = YES;
				CODE_SIGN_STYLE = Automatic;
				INFOPLIST_FILE = NYTimesUITests/Info.plist;
				LD_RUNPATH_SEARCH_PATHS = (
					"$(inherited)",
					"@executable_path/Frameworks",
					"@loader_path/Frameworks",
				);
				PRODUCT_BUNDLE_IDENTIFIER = com.NYTimes.NYTimes.NYTimesUITests;
				PRODUCT_NAME = "$(TARGET_NAME)";
				SWIFT_VERSION = 5.0;
				TARGETED_DEVICE_FAMILY = "1,2";
				TEST_TARGET_NAME = NYTimes;
			};
			name = Release;
		};
/* End XCBuildConfiguration section */

/* Begin XCConfigurationList section */
		182AA0292291346200A0AC08 /* Build configuration list for PBXProject "NYTimes" */ = {
			isa = XCConfigurationList;
			buildConfigurations = (
				182AA0542291346500A0AC08 /* Debug */,
				182AA0552291346500A0AC08 /* Release */,
			);
			defaultConfigurationIsVisible = 0;
			defaultConfigurationName = Release;
		};
		182AA0562291346500A0AC08 /* Build configuration list for PBXNativeTarget "NYTimes" */ = {
			isa = XCConfigurationList;
			buildConfigurations = (
				182AA0572291346500A0AC08 /* Debug */,
				182AA0582291346500A0AC08 /* Release */,
			);
			defaultConfigurationIsVisible = 0;
			defaultConfigurationName = Release;
		};
		182AA0592291346500A0AC08 /* Build configuration list for PBXNativeTarget "NYTimesTests" */ = {
			isa = XCConfigurationList;
			buildConfigurations = (
				182AA05A2291346500A0AC08 /* Debug */,
				182AA05B2291346500A0AC08 /* Release */,
			);
			defaultConfigurationIsVisible = 0;
			defaultConfigurationName = Release;
		};
		182AA05C2291346500A0AC08 /* Build configuration list for PBXNativeTarget "NYTimesUITests" */ = {
			isa = XCConfigurationList;
			buildConfigurations = (
				182AA05D2291346500A0AC08 /* Debug */,
				182AA05E2291346500A0AC08 /* Release */,
			);
			defaultConfigurationIsVisible = 0;
			defaultConfigurationName = Release;
		};
/* End XCConfigurationList section */
	};
	rootObject = 182AA0262291346200A0AC08 /* Project object */;
}
